
Microsoft Visual Studio Solution File, Format Version 12.00
# Visual Studio Version 16
VisualStudioVersion = 16.0.31424.327
MinimumVisualStudioVersion = 10.0.40219.1
Project("{FAE04EC0-301F-11D3-BF4B-00C04F79EFBC}") = "Создание сайтов Четверть 2 Lesson 1", "Создание сайтов Четверть 2 Lesson 1\Создание сайтов Четверть 2 Lesson 1.csproj", "{82564692-AFA6-4371-B623-9F7C6E8C9B73}"
EndProject
Global
	GlobalSection(SolutionConfigurationPlatforms) = preSolution
		Debug|Any CPU = Debug|Any CPU
		Release|Any CPU = Release|Any CPU
	EndGlobalSection
	GlobalSection(ProjectConfigurationPlatforms) = postSolution
		{82564692-AFA6-4371-B623-9F7C6E8C9B73}.Debug|Any CPU.ActiveCfg = Debug|Any CPU
		{82564692-AFA6-4371-B623-9F7C6E8C9B73}.Debug|Any CPU.Build.0 = Debug|Any CPU
		{82564692-AFA6-4371-B623-9F7C6E8C9B73}.Release|Any CPU.ActiveCfg = Release|Any CPU
		{82564692-AFA6-4371-B623-9F7C6E8C9B73}.Release|Any CPU.Build.0 = Release|Any CPU
	EndGlobalSection
	GlobalSection(SolutionProperties) = preSolution
		HideSolutionNode = FALSE
	EndGlobalSection
	GlobalSection(ExtensibilityGlobals) = postSolution
		SolutionGuid = {39F8E2A9-6B69-4399-B725-C7388E8C11BA}
	EndGlobalSection
EndGlobal
